
Microsoft Visual Studio Solution File, Format Version 12.00
# Visual Studio Version 17
VisualStudioVersion = 17.5.33627.172
MinimumVisualStudioVersion = 10.0.40219.1
Project("{9A19103F-16F7-4668-BE54-9A1E7A4F7556}") = "ParkingManagement", "ParkingManagement\ParkingManagement.csproj", "{B62C1B0C-EBAC-4379-9254-2D1E215D7BE1}"
EndProject
Project("{FAE04EC0-301F-11D3-BF4B-00C04F79EFBC}") = "DataServices", "DataServices\DataServices.csproj", "{8773A78F-A18B-4CE2-B236-E937F90C55AD}"
EndProject
Global
	GlobalSection(SolutionConfigurationPlatforms) = preSolution
		Debug|Any CPU = Debug|Any CPU
		Release|Any CPU = Release|Any CPU
	EndGlobalSection
	GlobalSection(ProjectConfigurationPlatforms) = postSolution
		{B62C1B0C-EBAC-4379-9254-2D1E215D7BE1}.Debug|Any CPU.ActiveCfg = Debug|Any CPU
		{B62C1B0C-EBAC-4379-9254-2D1E215D7BE1}.Debug|Any CPU.Build.0 = Debug|Any CPU
		{B62C1B0C-EBAC-4379-9254-2D1E215D7BE1}.Release|Any CPU.ActiveCfg = Release|Any CPU
		{B62C1B0C-EBAC-4379-9254-2D1E215D7BE1}.Release|Any CPU.Build.0 = Release|Any CPU
		{8773A78F-A18B-4CE2-B236-E937F90C55AD}.Debug|Any CPU.ActiveCfg = Debug|Any CPU
		{8773A78F-A18B-4CE2-B236-E937F90C55AD}.Debug|Any CPU.Build.0 = Debug|Any CPU
		{8773A78F-A18B-4CE2-B236-E937F90C55AD}.Release|Any CPU.ActiveCfg = Release|Any CPU
		{8773A78F-A18B-4CE2-B236-E937F90C55AD}.Release|Any CPU.Build.0 = Release|Any CPU
	EndGlobalSection
	GlobalSection(SolutionProperties) = preSolution
		HideSolutionNode = FALSE
	EndGlobalSection
	GlobalSection(ExtensibilityGlobals) = postSolution
		SolutionGuid = {5565EC2C-31BB-476F-A9A7-534FC23D858E}
	EndGlobalSection
EndGlobal
