
Microsoft Visual Studio Solution File, Format Version 12.00
# Visual Studio Version 17
VisualStudioVersion = 17.6.33801.468
MinimumVisualStudioVersion = 10.0.40219.1
Project("{FAE04EC0-301F-11D3-BF4B-00C04F79EFBC}") = "ParkingManagerment", "ParkingManagerment\ParkingManagerment.csproj", "{CF33DC64-FFB3-4B1B-87F0-2800C81BA516}"
EndProject
Project("{FAE04EC0-301F-11D3-BF4B-00C04F79EFBC}") = "Services", "Services\Services.csproj", "{58C91077-28F3-4B6E-8083-5281C68A7E3A}"
EndProject
Project("{FAE04EC0-301F-11D3-BF4B-00C04F79EFBC}") = "ViewModels", "ViewModels\ViewModels.csproj", "{7FD02841-5C04-46B1-9835-4E38E365B3F6}"
EndProject
Global
	GlobalSection(SolutionConfigurationPlatforms) = preSolution
		Debug|Any CPU = Debug|Any CPU
		Release|Any CPU = Release|Any CPU
	EndGlobalSection
	GlobalSection(ProjectConfigurationPlatforms) = postSolution
		{CF33DC64-FFB3-4B1B-87F0-2800C81BA516}.Debug|Any CPU.ActiveCfg = Debug|Any CPU
		{CF33DC64-FFB3-4B1B-87F0-2800C81BA516}.Debug|Any CPU.Build.0 = Debug|Any CPU
		{CF33DC64-FFB3-4B1B-87F0-2800C81BA516}.Release|Any CPU.ActiveCfg = Release|Any CPU
		{CF33DC64-FFB3-4B1B-87F0-2800C81BA516}.Release|Any CPU.Build.0 = Release|Any CPU
		{58C91077-28F3-4B6E-8083-5281C68A7E3A}.Debug|Any CPU.ActiveCfg = Debug|Any CPU
		{58C91077-28F3-4B6E-8083-5281C68A7E3A}.Debug|Any CPU.Build.0 = Debug|Any CPU
		{58C91077-28F3-4B6E-8083-5281C68A7E3A}.Release|Any CPU.ActiveCfg = Release|Any CPU
		{58C91077-28F3-4B6E-8083-5281C68A7E3A}.Release|Any CPU.Build.0 = Release|Any CPU
		{7FD02841-5C04-46B1-9835-4E38E365B3F6}.Debug|Any CPU.ActiveCfg = Debug|Any CPU
		{7FD02841-5C04-46B1-9835-4E38E365B3F6}.Debug|Any CPU.Build.0 = Debug|Any CPU
		{7FD02841-5C04-46B1-9835-4E38E365B3F6}.Release|Any CPU.ActiveCfg = Release|Any CPU
		{7FD02841-5C04-46B1-9835-4E38E365B3F6}.Release|Any CPU.Build.0 = Release|Any CPU
	EndGlobalSection
	GlobalSection(SolutionProperties) = preSolution
		HideSolutionNode = FALSE
	EndGlobalSection
	GlobalSection(ExtensibilityGlobals) = postSolution
		SolutionGuid = {D7C7069E-515F-4B28-8234-C6DB36C9E828}
	EndGlobalSection
EndGlobal
